# THIS IS AN AUTOGENERATED FILE. DO NOT EDIT THIS FILE DIRECTLY.
# yarn lockfile v1


"@types/gamepad@^0.0.28":
  version "0.0.28"
  resolved "https://registry.yarnpkg.com/@types/gamepad/-/gamepad-0.0.28.tgz#822a2fdee9a6d13f102b2da7b627952d436fb8ad"

"@types/pubsub-js@^1.5.18":
  version "1.5.18"
  resolved "https://registry.yarnpkg.com/@types/pubsub-js/-/pubsub-js-1.5.18.tgz#dd12284c5e93b39874e62675702bf50c6f55e9ec"

pubsub-js@^1.6.0:
  version "1.6.0"
  resolved "https://registry.yarnpkg.com/pubsub-js/-/pubsub-js-1.6.0.tgz#232d36485ce7905a54629ec5783d9f6f4c638026"

ts-keycode-enum@^1.0.4:
  version "1.0.4"
  resolved "https://registry.yarnpkg.com/ts-keycode-enum/-/ts-keycode-enum-1.0.4.tgz#b7e35bf73d669b561333d5de9a51861e4803ad3e"

typescript@^2.8.3:
  version "2.8.3"
  resolved "https://registry.yarnpkg.com/typescript/-/typescript-2.8.3.tgz#5d817f9b6f31bb871835f4edf0089f21abe6c170"
